{
  "version": 4,
  "terraform_version": "1.14.4",
  "serial": 34,
  "lineage": "18796972-facb-11db-3a62-99bc4f845a8f",
  "outputs": {
    "aws_region": {
      "value": "us-east-1",
      "type": "string"
    },
    "certificate_arn": {
      "value": "arn:aws:acm:us-east-1:307218864628:certificate/fda130cc-12df-40a7-939c-339389a3755c",
      "type": "string"
    },
    "cluster_endpoint": {
      "value": "https://C5B02DD4C859641E14F1B9D3F9D61AB3.gr7.us-east-1.eks.amazonaws.com",
      "type": "string"
    },
    "cluster_name": {
      "value": "devops-lab-prod",
      "type": "string"
    },
    "configure_kubectl": {
      "value": "aws eks update-kubeconfig --region us-east-1 --name devops-lab-prod",
      "type": "string"
    },
    "docker_login_command": {
      "value": "aws ecr get-login-password --region us-east-1 | docker login --username AWS --password-stdin 307218864628.dkr.ecr.us-east-1.amazonaws.com/health-service",
      "type": "string"
    },
    "docker_push_commands": {
      "value": "docker build -t health-service:local .\ndocker tag health-service:local 307218864628.dkr.ecr.us-east-1.amazonaws.com/health-service:latest\ndocker push 307218864628.dkr.ecr.us-east-1.amazonaws.com/health-service:latest\n",
      "type": "string"
    },
    "domain": {
      "value": "api.codeseeker.dev",
      "type": "string"
    },
    "ecr_repository_url": {
      "value": "307218864628.dkr.ecr.us-east-1.amazonaws.com/health-service",
      "type": "string"
    },
    "hosted_zone_id": {
      "value": "Z05066663NRXHO608H5IP",
      "type": "string"
    },
    "name_servers": {
      "value": [
        "ns-1284.awsdns-32.org",
        "ns-2014.awsdns-59.co.uk",
        "ns-160.awsdns-20.com",
        "ns-615.awsdns-12.net"
      ],
      "type": [
        "list",
        "string"
      ]
    }
  },
  "resources": [
    {
      "module": "module.dns",
      "mode": "data",
      "type": "aws_route53_zone",
      "name": "existing",
      "provider": "provider[\"registry.terraform.io/hashicorp/aws\"]",
      "instances": [
        {
          "index_key": 0,
          "schema_version": 0,
          "attributes": {
            "arn": "arn:aws:route53:::hostedzone/Z05066663NRXHO608H5IP",
            "caller_reference": "1768095846",
            "comment": "",
            "id": "Z05066663NRXHO608H5IP",
            "linked_service_description": null,
            "linked_service_principal": null,
            "name": "codeseeker.dev",
            "name_servers": [
              "ns-1284.awsdns-32.org",
              "ns-2014.awsdns-59.co.uk",
              "ns-160.awsdns-20.com",
              "ns-615.awsdns-12.net"
            ],
            "primary_name_server": "ns-1284.awsdns-32.org",
            "private_zone": false,
            "resource_record_set_count": 4,
            "tags": {},
            "vpc_id": null,
            "zone_id": "Z05066663NRXHO608H5IP"
          },
          "sensitive_attributes": [],
          "identity_schema_version": 0
        }
      ]
    },
    {
      "module": "module.dns",
      "mode": "managed",
      "type": "aws_acm_certificate",
      "name": "main",
      "provider": "provider[\"registry.terraform.io/hashicorp/aws\"]",
      "instances": [
        {
          "schema_version": 0,
          "attributes": {
            "arn": "arn:aws:acm:us-east-1:307218864628:certificate/fda130cc-12df-40a7-939c-339389a3755c",
            "certificate_authority_arn": "",
            "certificate_body": null,
            "certificate_chain": null,
            "domain_name": "api.codeseeker.dev",
            "domain_validation_options": [
              {
                "domain_name": "api.codeseeker.dev",
                "resource_record_name": "_b18415b79d89862699b14ca9838bcd7b.api.codeseeker.dev.",
                "resource_record_type": "CNAME",
                "resource_record_value": "_516a5b5000c3c0ee6f852f0dab7463ad.jkddzztszm.acm-validations.aws."
              }
            ],
            "early_renewal_duration": "",
            "id": "arn:aws:acm:us-east-1:307218864628:certificate/fda130cc-12df-40a7-939c-339389a3755c",
            "key_algorithm": "RSA_2048",
            "not_after": "2027-03-03T23:59:59Z",
            "not_before": "2026-02-02T00:00:00Z",
            "options": [
              {
                "certificate_transparency_logging_preference": "ENABLED"
              }
            ],
            "pending_renewal": false,
            "private_key": null,
            "renewal_eligibility": "ELIGIBLE",
            "renewal_summary": [],
            "status": "ISSUED",
            "subject_alternative_names": [
              "api.codeseeker.dev"
            ],
            "tags": {
              "Cluster": "devops-lab-prod",
              "Environment": "prod",
              "Name": "api.codeseeker.dev"
            },
            "tags_all": {
              "Cluster": "devops-lab-prod",
              "Environment": "prod",
              "ManagedBy": "terraform",
              "Name": "api.codeseeker.dev",
              "Project": "devops-lab"
            },
            "type": "AMAZON_ISSUED",
            "validation_emails": [],
            "validation_method": "DNS",
            "validation_option": []
          },
          "sensitive_attributes": [
            [
              {
                "type": "get_attr",
                "value": "private_key"
              }
            ]
          ],
          "identity_schema_version": 0,
          "private": "bnVsbA==",
          "create_before_destroy": true
        }
      ]
    },
    {
      "module": "module.dns",
      "mode": "managed",
      "type": "aws_acm_certificate_validation",
      "name": "main",
      "provider": "provider[\"registry.terraform.io/hashicorp/aws\"]",
      "instances": [
        {
          "schema_version": 0,
          "attributes": {
            "certificate_arn": "arn:aws:acm:us-east-1:307218864628:certificate/fda130cc-12df-40a7-939c-339389a3755c",
            "id": "2026-02-02 02:23:38.725 +0000 UTC",
            "timeouts": null,
            "validation_record_fqdns": [
              "_b18415b79d89862699b14ca9838bcd7b.api.codeseeker.dev"
            ]
          },
          "sensitive_attributes": [],
          "identity_schema_version": 0,
          "private": "eyJlMmJmYjczMC1lY2FhLTExZTYtOGY4OC0zNDM2M2JjN2M0YzAiOnsiY3JlYXRlIjo0NTAwMDAwMDAwMDAwfX0=",
          "dependencies": [
            "module.dns.aws_acm_certificate.main",
            "module.dns.aws_route53_record.cert_validation",
            "module.dns.aws_route53_zone.new",
            "module.dns.data.aws_route53_zone.existing"
          ]
        }
      ]
    },
    {
      "module": "module.dns",
      "mode": "managed",
      "type": "aws_route53_record",
      "name": "cert_validation",
      "provider": "provider[\"registry.terraform.io/hashicorp/aws\"]",
      "instances": [
        {
          "index_key": "api.codeseeker.dev",
          "schema_version": 2,
          "attributes": {
            "alias": [],
            "allow_overwrite": true,
            "cidr_routing_policy": [],
            "failover_routing_policy": [],
            "fqdn": "_b18415b79d89862699b14ca9838bcd7b.api.codeseeker.dev",
            "geolocation_routing_policy": [],
            "geoproximity_routing_policy": [],
            "health_check_id": "",
            "id": "Z05066663NRXHO608H5IP__b18415b79d89862699b14ca9838bcd7b.api.codeseeker.dev._CNAME",
            "latency_routing_policy": [],
            "multivalue_answer_routing_policy": false,
            "name": "_b18415b79d89862699b14ca9838bcd7b.api.codeseeker.dev",
            "records": [
              "_516a5b5000c3c0ee6f852f0dab7463ad.jkddzztszm.acm-validations.aws."
            ],
            "set_identifier": "",
            "timeouts": null,
            "ttl": 60,
            "type": "CNAME",
            "weighted_routing_policy": [],
            "zone_id": "Z05066663NRXHO608H5IP"
          },
          "sensitive_attributes": [],
          "identity_schema_version": 0,
          "private": "eyJlMmJmYjczMC1lY2FhLTExZTYtOGY4OC0zNDM2M2JjN2M0YzAiOnsiY3JlYXRlIjoxODAwMDAwMDAwMDAwLCJkZWxldGUiOjE4MDAwMDAwMDAwMDAsInVwZGF0ZSI6MTgwMDAwMDAwMDAwMH0sInNjaGVtYV92ZXJzaW9uIjoiMiJ9",
          "dependencies": [
            "module.dns.aws_acm_certificate.main",
            "module.dns.aws_route53_zone.new",
            "module.dns.data.aws_route53_zone.existing"
          ]
        }
      ]
    },
    {
      "module": "module.ecr",
      "mode": "managed",
      "type": "aws_ecr_lifecycle_policy",
      "name": "main",
      "provider": "provider[\"registry.terraform.io/hashicorp/aws\"]",
      "instances": [
        {
          "schema_version": 0,
          "attributes": {
            "id": "health-service",
            "policy": "{\"rules\":[{\"action\":{\"type\":\"expire\"},\"description\":\"Expire untagged images after 7 days\",\"rulePriority\":1,\"selection\":{\"countNumber\":7,\"countType\":\"sinceImagePushed\",\"countUnit\":\"days\",\"tagStatus\":\"untagged\"}},{\"action\":{\"type\":\"expire\"},\"description\":\"Keep only last 10 tagged images\",\"rulePriority\":2,\"selection\":{\"countNumber\":10,\"countType\":\"imageCountMoreThan\",\"tagPrefixList\":[\"v\",\"latest\"],\"tagStatus\":\"tagged\"}}]}",
            "registry_id": "307218864628",
            "repository": "health-service"
          },
          "sensitive_attributes": [],
          "identity_schema_version": 0,
          "private": "bnVsbA==",
          "dependencies": [
            "module.ecr.aws_ecr_repository.main"
          ]
        }
      ]
    },
    {
      "module": "module.ecr",
      "mode": "managed",
      "type": "aws_ecr_repository",
      "name": "main",
      "provider": "provider[\"registry.terraform.io/hashicorp/aws\"]",
      "instances": [
        {
          "schema_version": 0,
          "attributes": {
            "arn": "arn:aws:ecr:us-east-1:307218864628:repository/health-service",
            "encryption_configuration": [
              {
                "encryption_type": "AES256",
                "kms_key": ""
              }
            ],
            "force_delete": true,
            "id": "health-service",
            "image_scanning_configuration": [
              {
                "scan_on_push": true
              }
            ],
            "image_tag_mutability": "MUTABLE",
            "name": "health-service",
            "registry_id": "307218864628",
            "repository_url": "307218864628.dkr.ecr.us-east-1.amazonaws.com/health-service",
            "tags": {
              "Cluster": "devops-lab-prod",
              "Environment": "prod",
              "Name": "health-service"
            },
            "tags_all": {
              "Cluster": "devops-lab-prod",
              "Environment": "prod",
              "ManagedBy": "terraform",
              "Name": "health-service",
              "Project": "devops-lab"
            },
            "timeouts": null
          },
          "sensitive_attributes": [],
          "identity_schema_version": 0,
          "private": "eyJlMmJmYjczMC1lY2FhLTExZTYtOGY4OC0zNDM2M2JjN2M0YzAiOnsiZGVsZXRlIjoxMjAwMDAwMDAwMDAwfX0="
        }
      ]
    },
    {
      "module": "module.eks",
      "mode": "managed",
      "type": "aws_eks_cluster",
      "name": "main",
      "provider": "provider[\"registry.terraform.io/hashicorp/aws\"]",
      "instances": [
        {
          "schema_version": 1,
          "attributes": {
            "access_config": [
              {
                "authentication_mode": "CONFIG_MAP",
                "bootstrap_cluster_creator_admin_permissions": true
              }
            ],
            "arn": "arn:aws:eks:us-east-1:307218864628:cluster/devops-lab-prod",
            "bootstrap_self_managed_addons": true,
            "certificate_authority": [
              {
                "data": "LS0tLS1CRUdJTiBDRVJUSUZJQ0FURS0tLS0tCk1JSURCVENDQWUyZ0F3SUJBZ0lJUU4yZFdhYmVnNFV3RFFZSktvWklodmNOQVFFTEJRQXdGVEVUTUJFR0ExVUUKQXhNS2EzVmlaWEp1WlhSbGN6QWVGdzB5TmpBeU1ESXdNakkwTURSYUZ3MHpOakF4TXpFd01qSTVNRFJhTUJVeApFekFSQmdOVkJBTVRDbXQxWW1WeWJtVjBaWE13Z2dFaU1BMEdDU3FHU0liM0RRRUJBUVVBQTRJQkR3QXdnZ0VLCkFvSUJBUURFY09xUEtvd1EwK0RxV24xdWFvTzhFbEtCTWNIc0d3QlljNGlMTHN1K0JuS0pGSHBsQkRSWEk0SG4KOTdIbDZUWWpQcWoySytMRXdUeTZRREtHeWZTbkVwMUk1dUVXWTd4RzBMdEdZNXl6YWRLaFlHaEpXSlFqdEtscQpvUldJQXE3NXRxdHJvMlNreTV4azFMTExxbmxEZDVNYm9EczYyWmQ4THRnUU51QXJjRjFrbjlDeEd2L1ZHZms0CmRvUDVZR0lIQXp4ejk4MGZyMS81aXJ1UEZRNUljbWxZV0J0TW1GWXNYOVBnTHBOaVhNTGNiYmE5OG9EcHpzWi8KOWRkSG9RTjBXaVkrczFxdXFHd1Bua0tQQk9McVY5Q0t3WU4wMVBrMjY2cDRxSnZoQk1VOGg2M0pWWFlRQ0YrcQpVc3ptOXdjc3ZxYnk1bjB1a3ZiaUVYeU9haml0QWdNQkFBR2pXVEJYTUE0R0ExVWREd0VCL3dRRUF3SUNwREFQCkJnTlZIUk1CQWY4RUJUQURBUUgvTUIwR0ExVWREZ1FXQkJRYkJaTklwY1dBZlo0Ly9SMUpxNWNnMlRjcHdUQVYKQmdOVkhSRUVEakFNZ2dwcmRXSmxjbTVsZEdWek1BMEdDU3FHU0liM0RRRUJDd1VBQTRJQkFRQjkrK2RlRFRtVApraDBFQndmdERBeXlUQ284VzhoWUNpYWIxWHlkMWx4NW0xeTlGaVNOeC93cHR4Nk1wNUx5Z1lNeGhNb0U1K1U2Cm0wUnNQRDFST3h6MDgybm1vQjVGVGR0U25zWHlUYUVvSHM4VmlRVTJ3MUNoaCtldVdWbUhveUhZWnd1bzNkaGcKdzczNWFiRHRNM3hvaEZhVEYySnlRWWxhd2FCUmhUTHJpTXFTQ3d5TnBNQjhteTBzRGU2UTA1cjdmQzdkWmVTegpFOTN1aGJnK0xzalpzOVdlV2JkL2Q2TWRsNHp5ZExLcjZTYm9UYVRLN09IWFA0VU8zTE5WcWtGVEVMN1lFUSsrCkNGeW9Tenh0cENrRjlBRVJleWJDa1lpRGdNWkJkSzRtYTljcVhrbDBlOTZtQ0dMMjh6NnVTV0lxZnZscWVBa2gKNkswdUdhQzdYQWdMCi0tLS0tRU5EIENFUlRJRklDQVRFLS0tLS0K"
              }
            ],
            "cluster_id": null,
            "compute_config": [],
            "created_at": "2026-02-02T02:23:40Z",
            "enabled_cluster_log_types": [],
            "encryption_config": [],
            "endpoint": "https://C5B02DD4C859641E14F1B9D3F9D61AB3.gr7.us-east-1.eks.amazonaws.com",
            "force_update_version": null,
            "id": "devops-lab-prod",
            "identity": [
              {
                "oidc": [
                  {
                    "issuer": "https://oidc.eks.us-east-1.amazonaws.com/id/C5B02DD4C859641E14F1B9D3F9D61AB3"
                  }
                ]
              }
            ],
            "kubernetes_network_config": [
              {
                "elastic_load_balancing": [
                  {
                    "enabled": false
                  }
                ],
                "ip_family": "ipv4",
                "service_ipv4_cidr": "172.20.0.0/16",
                "service_ipv6_cidr": ""
              }
            ],
            "name": "devops-lab-prod",
            "outpost_config": [],
            "platform_version": "eks.61",
            "remote_network_config": [],
            "role_arn": "arn:aws:iam::307218864628:role/devops-lab-prod-cluster-role",
            "status": "ACTIVE",
            "storage_config": [],
            "tags": {
              "Cluster": "devops-lab-prod",
              "Environment": "prod"
            },
            "tags_all": {
              "Cluster": "devops-lab-prod",
              "Environment": "prod",
              "ManagedBy": "terraform",
              "Project": "devops-lab"
            },
            "timeouts": null,
            "upgrade_policy": [
              {
                "support_type": "EXTENDED"
              }
            ],
            "version": "1.29",
            "vpc_config": [
              {
                "cluster_security_group_id": "sg-04f45f09c5f4bb09d",
                "endpoint_private_access": true,
                "endpoint_public_access": true,
                "public_access_cidrs": [
                  "0.0.0.0/0"
                ],
                "security_group_ids": [
                  "sg-05403383d8b104671"
                ],
                "subnet_ids": [
                  "subnet-00a8ce9529ac88df8",
                  "subnet-0cab08dbc45abc2e7"
                ],
                "vpc_id": "vpc-02322ea89c4e6089c"
              }
            ],
            "zonal_shift_config": []
          },
          "sensitive_attributes": [],
          "identity_schema_version": 0,
          "private": "eyJlMmJmYjczMC1lY2FhLTExZTYtOGY4OC0zNDM2M2JjN2M0YzAiOnsiY3JlYXRlIjoxODAwMDAwMDAwMDAwLCJkZWxldGUiOjkwMDAwMDAwMDAwMCwidXBkYXRlIjozNjAwMDAwMDAwMDAwfSwic2NoZW1hX3ZlcnNpb24iOiIxIn0=",
          "dependencies": [
            "module.eks.aws_iam_role.cluster",
            "module.eks.aws_iam_role_policy_attachment.cluster_policy",
            "module.eks.aws_security_group.cluster",
            "module.vpc.aws_subnet.private",
            "module.vpc.aws_vpc.main"
          ]
        }
      ]
    },
    {
      "module": "module.eks",
      "mode": "managed",
      "type": "aws_eks_node_group",
      "name": "main",
      "provider": "provider[\"registry.terraform.io/hashicorp/aws\"]",
      "instances": [
        {
          "schema_version": 0,
          "attributes": {
            "ami_type": "AL2_x86_64",
            "arn": "arn:aws:eks:us-east-1:307218864628:nodegroup/devops-lab-prod/devops-lab-prod-nodes/f8ce0e19-5392-099c-dcf7-bc66ccebc035",
            "capacity_type": "ON_DEMAND",
            "cluster_name": "devops-lab-prod",
            "disk_size": 20,
            "force_update_version": null,
            "id": "devops-lab-prod:devops-lab-prod-nodes",
            "instance_types": [
              "t3.medium"
            ],
            "labels": {},
            "launch_template": [],
            "node_group_name": "devops-lab-prod-nodes",
            "node_group_name_prefix": "",
            "node_repair_config": [],
            "node_role_arn": "arn:aws:iam::307218864628:role/devops-lab-prod-node-role",
            "release_version": "1.29.15-20251209",
            "remote_access": [],
            "resources": [
              {
                "autoscaling_groups": [
                  {
                    "name": "eks-devops-lab-prod-nodes-f8ce0e19-5392-099c-dcf7-bc66ccebc035"
                  }
                ],
                "remote_access_security_group_id": ""
              }
            ],
            "scaling_config": [
              {
                "desired_size": 2,
                "max_size": 5,
                "min_size": 1
              }
            ],
            "status": "ACTIVE",
            "subnet_ids": [
              "subnet-00a8ce9529ac88df8",
              "subnet-0cab08dbc45abc2e7"
            ],
            "tags": {
              "Cluster": "devops-lab-prod",
              "Environment": "prod"
            },
            "tags_all": {
              "Cluster": "devops-lab-prod",
              "Environment": "prod",
              "ManagedBy": "terraform",
              "Project": "devops-lab"
            },
            "taint": [],
            "timeouts": null,
            "update_config": [
              {
                "max_unavailable": 1,
                "max_unavailable_percentage": 0
              }
            ],
            "version": "1.29"
          },
          "sensitive_attributes": [],
          "identity_schema_version": 0,
          "private": "eyJlMmJmYjczMC1lY2FhLTExZTYtOGY4OC0zNDM2M2JjN2M0YzAiOnsiY3JlYXRlIjozNjAwMDAwMDAwMDAwLCJkZWxldGUiOjM2MDAwMDAwMDAwMDAsInVwZGF0ZSI6MzYwMDAwMDAwMDAwMH19",
          "dependencies": [
            "module.eks.aws_eks_cluster.main",
            "module.eks.aws_iam_role.cluster",
            "module.eks.aws_iam_role.node",
            "module.eks.aws_iam_role_policy_attachment.cluster_policy",
            "module.eks.aws_iam_role_policy_attachment.node_cni",
            "module.eks.aws_iam_role_policy_attachment.node_registry",
            "module.eks.aws_iam_role_policy_attachment.node_worker",
            "module.eks.aws_security_group.cluster",
            "module.vpc.aws_subnet.private",
            "module.vpc.aws_vpc.main"
          ]
        }
      ]
    },
    {
      "module": "module.eks",
      "mode": "managed",
      "type": "aws_iam_role",
      "name": "cluster",
      "provider": "provider[\"registry.terraform.io/hashicorp/aws\"]",
      "instances": [
        {
          "schema_version": 0,
          "attributes": {
            "arn": "arn:aws:iam::307218864628:role/devops-lab-prod-cluster-role",
            "assume_role_policy": "{\"Statement\":[{\"Action\":\"sts:AssumeRole\",\"Effect\":\"Allow\",\"Principal\":{\"Service\":\"eks.amazonaws.com\"}}],\"Version\":\"2012-10-17\"}",
            "create_date": "2026-02-02T02:23:22Z",
            "description": "",
            "force_detach_policies": false,
            "id": "devops-lab-prod-cluster-role",
            "inline_policy": [],
            "managed_policy_arns": [
              "arn:aws:iam::aws:policy/AmazonEKSClusterPolicy"
            ],
            "max_session_duration": 3600,
            "name": "devops-lab-prod-cluster-role",
            "name_prefix": "",
            "path": "/",
            "permissions_boundary": "",
            "tags": {
              "Cluster": "devops-lab-prod",
              "Environment": "prod"
            },
            "tags_all": {
              "Cluster": "devops-lab-prod",
              "Environment": "prod",
              "ManagedBy": "terraform",
              "Project": "devops-lab"
            },
            "unique_id": "AROAUPB5L3H2JJU45Q6ZV"
          },
          "sensitive_attributes": [],
          "identity_schema_version": 0,
          "private": "bnVsbA=="
        }
      ]
    },
    {
      "module": "module.eks",
      "mode": "managed",
      "type": "aws_iam_role",
      "name": "node",
      "provider": "provider[\"registry.terraform.io/hashicorp/aws\"]",
      "instances": [
        {
          "schema_version": 0,
          "attributes": {
            "arn": "arn:aws:iam::307218864628:role/devops-lab-prod-node-role",
            "assume_role_policy": "{\"Statement\":[{\"Action\":\"sts:AssumeRole\",\"Effect\":\"Allow\",\"Principal\":{\"Service\":\"ec2.amazonaws.com\"}}],\"Version\":\"2012-10-17\"}",
            "create_date": "2026-02-02T02:23:22Z",
            "description": "",
            "force_detach_policies": false,
            "id": "devops-lab-prod-node-role",
            "inline_policy": [],
            "managed_policy_arns": [
              "arn:aws:iam::aws:policy/AmazonEC2ContainerRegistryReadOnly",
              "arn:aws:iam::aws:policy/AmazonEKSWorkerNodePolicy",
              "arn:aws:iam::aws:policy/AmazonEKS_CNI_Policy"
            ],
            "max_session_duration": 3600,
            "name": "devops-lab-prod-node-role",
            "name_prefix": "",
            "path": "/",
            "permissions_boundary": "",
            "tags": {
              "Cluster": "devops-lab-prod",
              "Environment": "prod"
            },
            "tags_all": {
              "Cluster": "devops-lab-prod",
              "Environment": "prod",
              "ManagedBy": "terraform",
              "Project": "devops-lab"
            },
            "unique_id": "AROAUPB5L3H2JL4KHIOPO"
          },
          "sensitive_attributes": [],
          "identity_schema_version": 0,
          "private": "bnVsbA=="
        }
      ]
    },
    {
      "module": "module.eks",
      "mode": "managed",
      "type": "aws_iam_role_policy_attachment",
      "name": "cluster_policy",
      "provider": "provider[\"registry.terraform.io/hashicorp/aws\"]",
      "instances": [
        {
          "schema_version": 0,
          "attributes": {
            "id": "devops-lab-prod-cluster-role-20260202022322978600000005",
            "policy_arn": "arn:aws:iam::aws:policy/AmazonEKSClusterPolicy",
            "role": "devops-lab-prod-cluster-role"
          },
          "sensitive_attributes": [],
          "identity_schema_version": 0,
          "private": "bnVsbA==",
          "dependencies": [
            "module.eks.aws_iam_role.cluster"
          ]
        }
      ]
    },
    {
      "module": "module.eks",
      "mode": "managed",
      "type": "aws_iam_role_policy_attachment",
      "name": "node_cni",
      "provider": "provider[\"registry.terraform.io/hashicorp/aws\"]",
      "instances": [
        {
          "schema_version": 0,
          "attributes": {
            "id": "devops-lab-prod-node-role-20260202022322839700000003",
            "policy_arn": "arn:aws:iam::aws:policy/AmazonEKS_CNI_Policy",
            "role": "devops-lab-prod-node-role"
          },
          "sensitive_attributes": [],
          "identity_schema_version": 0,
          "private": "bnVsbA==",
          "dependencies": [
            "module.eks.aws_iam_role.node"
          ]
        }
      ]
    },
    {
      "module": "module.eks",
      "mode": "managed",
      "type": "aws_iam_role_policy_attachment",
      "name": "node_registry",
      "provider": "provider[\"registry.terraform.io/hashicorp/aws\"]",
      "instances": [
        {
          "schema_version": 0,
          "attributes": {
            "id": "devops-lab-prod-node-role-20260202022322955100000004",
            "policy_arn": "arn:aws:iam::aws:policy/AmazonEC2ContainerRegistryReadOnly",
            "role": "devops-lab-prod-node-role"
          },
          "sensitive_attributes": [],
          "identity_schema_version": 0,
          "private": "bnVsbA==",
          "dependencies": [
            "module.eks.aws_iam_role.node"
          ]
        }
      ]
    },
    {
      "module": "module.eks",
      "mode": "managed",
      "type": "aws_iam_role_policy_attachment",
      "name": "node_worker",
      "provider": "provider[\"registry.terraform.io/hashicorp/aws\"]",
      "instances": [
        {
          "schema_version": 0,
          "attributes": {
            "id": "devops-lab-prod-node-role-20260202022322817300000002",
            "policy_arn": "arn:aws:iam::aws:policy/AmazonEKSWorkerNodePolicy",
            "role": "devops-lab-prod-node-role"
          },
          "sensitive_attributes": [],
          "identity_schema_version": 0,
          "private": "bnVsbA==",
          "dependencies": [
            "module.eks.aws_iam_role.node"
          ]
        }
      ]
    },
    {
      "module": "module.eks",
      "mode": "managed",
      "type": "aws_security_group",
      "name": "cluster",
      "provider": "provider[\"registry.terraform.io/hashicorp/aws\"]",
      "instances": [
        {
          "schema_version": 1,
          "attributes": {
            "arn": "arn:aws:ec2:us-east-1:307218864628:security-group/sg-05403383d8b104671",
            "description": "Security group for EKS cluster",
            "egress": [
              {
                "cidr_blocks": [
                  "0.0.0.0/0"
                ],
                "description": "",
                "from_port": 0,
                "ipv6_cidr_blocks": [],
                "prefix_list_ids": [],
                "protocol": "-1",
                "security_groups": [],
                "self": false,
                "to_port": 0
              }
            ],
            "id": "sg-05403383d8b104671",
            "ingress": [],
            "name": "devops-lab-prod-cluster-sg",
            "name_prefix": "",
            "owner_id": "307218864628",
            "revoke_rules_on_delete": false,
            "tags": {
              "Cluster": "devops-lab-prod",
              "Environment": "prod",
              "Name": "devops-lab-prod-cluster-sg"
            },
            "tags_all": {
              "Cluster": "devops-lab-prod",
              "Environment": "prod",
              "ManagedBy": "terraform",
              "Name": "devops-lab-prod-cluster-sg",
              "Project": "devops-lab"
            },
            "timeouts": null,
            "vpc_id": "vpc-02322ea89c4e6089c"
          },
          "sensitive_attributes": [],
          "identity_schema_version": 0,
          "private": "eyJlMmJmYjczMC1lY2FhLTExZTYtOGY4OC0zNDM2M2JjN2M0YzAiOnsiY3JlYXRlIjo2MDAwMDAwMDAwMDAsImRlbGV0ZSI6OTAwMDAwMDAwMDAwfSwic2NoZW1hX3ZlcnNpb24iOiIxIn0=",
          "dependencies": [
            "module.vpc.aws_vpc.main"
          ]
        }
      ]
    },
    {
      "module": "module.vpc",
      "mode": "managed",
      "type": "aws_eip",
      "name": "nat",
      "provider": "provider[\"registry.terraform.io/hashicorp/aws\"]",
      "instances": [
        {
          "schema_version": 0,
          "attributes": {
            "address": null,
            "allocation_id": "eipalloc-0d421770afacf7482",
            "arn": "arn:aws:ec2:us-east-1:307218864628:elastic-ip/eipalloc-0d421770afacf7482",
            "associate_with_private_ip": null,
            "association_id": "eipassoc-0327224d8ecc54a2e",
            "carrier_ip": "",
            "customer_owned_ip": "",
            "customer_owned_ipv4_pool": "",
            "domain": "vpc",
            "id": "eipalloc-0d421770afacf7482",
            "instance": "",
            "ipam_pool_id": null,
            "network_border_group": "us-east-1",
            "network_interface": "eni-0fe062cb88c7c1cf3",
            "private_dns": "ip-10-0-0-158.ec2.internal",
            "private_ip": "10.0.0.158",
            "ptr_record": "",
            "public_dns": "ec2-35-175-39-89.compute-1.amazonaws.com",
            "public_ip": "35.175.39.89",
            "public_ipv4_pool": "amazon",
            "tags": {
              "Cluster": "devops-lab-prod",
              "Environment": "prod",
              "Name": "devops-lab-prod-nat-eip"
            },
            "tags_all": {
              "Cluster": "devops-lab-prod",
              "Environment": "prod",
              "ManagedBy": "terraform",
              "Name": "devops-lab-prod-nat-eip",
              "Project": "devops-lab"
            },
            "timeouts": null,
            "vpc": true
          },
          "sensitive_attributes": [],
          "identity_schema_version": 0,
          "private": "eyJlMmJmYjczMC1lY2FhLTExZTYtOGY4OC0zNDM2M2JjN2M0YzAiOnsiZGVsZXRlIjoxODAwMDAwMDAwMDAsInJlYWQiOjkwMDAwMDAwMDAwMCwidXBkYXRlIjozMDAwMDAwMDAwMDB9fQ==",
          "dependencies": [
            "module.vpc.aws_internet_gateway.main",
            "module.vpc.aws_vpc.main"
          ]
        }
      ]
    },
    {
      "module": "module.vpc",
      "mode": "managed",
      "type": "aws_internet_gateway",
      "name": "main",
      "provider": "provider[\"registry.terraform.io/hashicorp/aws\"]",
      "instances": [
        {
          "schema_version": 0,
          "attributes": {
            "arn": "arn:aws:ec2:us-east-1:307218864628:internet-gateway/igw-022f107111c8b89f7",
            "id": "igw-022f107111c8b89f7",
            "owner_id": "307218864628",
            "tags": {
              "Cluster": "devops-lab-prod",
              "Environment": "prod",
              "Name": "devops-lab-prod-igw"
            },
            "tags_all": {
              "Cluster": "devops-lab-prod",
              "Environment": "prod",
              "ManagedBy": "terraform",
              "Name": "devops-lab-prod-igw",
              "Project": "devops-lab"
            },
            "timeouts": null,
            "vpc_id": "vpc-02322ea89c4e6089c"
          },
          "sensitive_attributes": [],
          "identity_schema_version": 0,
          "private": "eyJlMmJmYjczMC1lY2FhLTExZTYtOGY4OC0zNDM2M2JjN2M0YzAiOnsiY3JlYXRlIjoxMjAwMDAwMDAwMDAwLCJkZWxldGUiOjEyMDAwMDAwMDAwMDAsInVwZGF0ZSI6MTIwMDAwMDAwMDAwMH19",
          "dependencies": [
            "module.vpc.aws_vpc.main"
          ]
        }
      ]
    },
    {
      "module": "module.vpc",
      "mode": "managed",
      "type": "aws_nat_gateway",
      "name": "main",
      "provider": "provider[\"registry.terraform.io/hashicorp/aws\"]",
      "instances": [
        {
          "schema_version": 0,
          "attributes": {
            "allocation_id": "eipalloc-0d421770afacf7482",
            "association_id": "eipassoc-0327224d8ecc54a2e",
            "connectivity_type": "public",
            "id": "nat-0f44cfefd766ae012",
            "network_interface_id": "eni-0fe062cb88c7c1cf3",
            "private_ip": "10.0.0.158",
            "public_ip": "35.175.39.89",
            "secondary_allocation_ids": [],
            "secondary_private_ip_address_count": 0,
            "secondary_private_ip_addresses": [],
            "subnet_id": "subnet-071453cb771fad6da",
            "tags": {
              "Cluster": "devops-lab-prod",
              "Environment": "prod",
              "Name": "devops-lab-prod-nat"
            },
            "tags_all": {
              "Cluster": "devops-lab-prod",
              "Environment": "prod",
              "ManagedBy": "terraform",
              "Name": "devops-lab-prod-nat",
              "Project": "devops-lab"
            },
            "timeouts": null
          },
          "sensitive_attributes": [],
          "identity_schema_version": 0,
          "private": "eyJlMmJmYjczMC1lY2FhLTExZTYtOGY4OC0zNDM2M2JjN2M0YzAiOnsiY3JlYXRlIjo2MDAwMDAwMDAwMDAsImRlbGV0ZSI6MTgwMDAwMDAwMDAwMCwidXBkYXRlIjo2MDAwMDAwMDAwMDB9fQ==",
          "dependencies": [
            "module.vpc.aws_eip.nat",
            "module.vpc.aws_internet_gateway.main",
            "module.vpc.aws_subnet.public",
            "module.vpc.aws_vpc.main"
          ]
        }
      ]
    },
    {
      "module": "module.vpc",
      "mode": "managed",
      "type": "aws_route_table",
      "name": "private",
      "provider": "provider[\"registry.terraform.io/hashicorp/aws\"]",
      "instances": [
        {
          "schema_version": 0,
          "attributes": {
            "arn": "arn:aws:ec2:us-east-1:307218864628:route-table/rtb-08e9e75c3e0954ebb",
            "id": "rtb-08e9e75c3e0954ebb",
            "owner_id": "307218864628",
            "propagating_vgws": [],
            "route": [
              {
                "carrier_gateway_id": "",
                "cidr_block": "0.0.0.0/0",
                "core_network_arn": "",
                "destination_prefix_list_id": "",
                "egress_only_gateway_id": "",
                "gateway_id": "",
                "ipv6_cidr_block": "",
                "local_gateway_id": "",
                "nat_gateway_id": "nat-0f44cfefd766ae012",
                "network_interface_id": "",
                "transit_gateway_id": "",
                "vpc_endpoint_id": "",
                "vpc_peering_connection_id": ""
              }
            ],
            "tags": {
              "Cluster": "devops-lab-prod",
              "Environment": "prod",
              "Name": "devops-lab-prod-private-rt"
            },
            "tags_all": {
              "Cluster": "devops-lab-prod",
              "Environment": "prod",
              "ManagedBy": "terraform",
              "Name": "devops-lab-prod-private-rt",
              "Project": "devops-lab"
            },
            "timeouts": null,
            "vpc_id": "vpc-02322ea89c4e6089c"
          },
          "sensitive_attributes": [],
          "identity_schema_version": 0,
          "private": "eyJlMmJmYjczMC1lY2FhLTExZTYtOGY4OC0zNDM2M2JjN2M0YzAiOnsiY3JlYXRlIjozMDAwMDAwMDAwMDAsImRlbGV0ZSI6MzAwMDAwMDAwMDAwLCJ1cGRhdGUiOjEyMDAwMDAwMDAwMH19",
          "dependencies": [
            "module.vpc.aws_eip.nat",
            "module.vpc.aws_internet_gateway.main",
            "module.vpc.aws_nat_gateway.main",
            "module.vpc.aws_subnet.public",
            "module.vpc.aws_vpc.main"
          ]
        }
      ]
    },
    {
      "module": "module.vpc",
      "mode": "managed",
      "type": "aws_route_table",
      "name": "public",
      "provider": "provider[\"registry.terraform.io/hashicorp/aws\"]",
      "instances": [
        {
          "schema_version": 0,
          "attributes": {
            "arn": "arn:aws:ec2:us-east-1:307218864628:route-table/rtb-06f35ba9628324f73",
            "id": "rtb-06f35ba9628324f73",
            "owner_id": "307218864628",
            "propagating_vgws": [],
            "route": [
              {
                "carrier_gateway_id": "",
                "cidr_block": "0.0.0.0/0",
                "core_network_arn": "",
                "destination_prefix_list_id": "",
                "egress_only_gateway_id": "",
                "gateway_id": "igw-022f107111c8b89f7",
                "ipv6_cidr_block": "",
                "local_gateway_id": "",
                "nat_gateway_id": "",
                "network_interface_id": "",
                "transit_gateway_id": "",
                "vpc_endpoint_id": "",
                "vpc_peering_connection_id": ""
              }
            ],
            "tags": {
              "Cluster": "devops-lab-prod",
              "Environment": "prod",
              "Name": "devops-lab-prod-public-rt"
            },
            "tags_all": {
              "Cluster": "devops-lab-prod",
              "Environment": "prod",
              "ManagedBy": "terraform",
              "Name": "devops-lab-prod-public-rt",
              "Project": "devops-lab"
            },
            "timeouts": null,
            "vpc_id": "vpc-02322ea89c4e6089c"
          },
          "sensitive_attributes": [],
          "identity_schema_version": 0,
          "private": "eyJlMmJmYjczMC1lY2FhLTExZTYtOGY4OC0zNDM2M2JjN2M0YzAiOnsiY3JlYXRlIjozMDAwMDAwMDAwMDAsImRlbGV0ZSI6MzAwMDAwMDAwMDAwLCJ1cGRhdGUiOjEyMDAwMDAwMDAwMH19",
          "dependencies": [
            "module.vpc.aws_internet_gateway.main",
            "module.vpc.aws_vpc.main"
          ]
        }
      ]
    },
    {
      "module": "module.vpc",
      "mode": "managed",
      "type": "aws_route_table_association",
      "name": "private",
      "provider": "provider[\"registry.terraform.io/hashicorp/aws\"]",
      "instances": [
        {
          "index_key": 0,
          "schema_version": 0,
          "attributes": {
            "gateway_id": "",
            "id": "rtbassoc-085bf88d3175d4adf",
            "route_table_id": "rtb-08e9e75c3e0954ebb",
            "subnet_id": "subnet-00a8ce9529ac88df8",
            "timeouts": null
          },
          "sensitive_attributes": [],
          "identity_schema_version": 0,
          "private": "eyJlMmJmYjczMC1lY2FhLTExZTYtOGY4OC0zNDM2M2JjN2M0YzAiOnsiY3JlYXRlIjozMDAwMDAwMDAwMDAsImRlbGV0ZSI6MzAwMDAwMDAwMDAwLCJ1cGRhdGUiOjEyMDAwMDAwMDAwMH19",
          "dependencies": [
            "module.vpc.aws_eip.nat",
            "module.vpc.aws_internet_gateway.main",
            "module.vpc.aws_nat_gateway.main",
            "module.vpc.aws_route_table.private",
            "module.vpc.aws_subnet.private",
            "module.vpc.aws_subnet.public",
            "module.vpc.aws_vpc.main"
          ]
        },
        {
          "index_key": 1,
          "schema_version": 0,
          "attributes": {
            "gateway_id": "",
            "id": "rtbassoc-0ef985d5012a00d26",
            "route_table_id": "rtb-08e9e75c3e0954ebb",
            "subnet_id": "subnet-0cab08dbc45abc2e7",
            "timeouts": null
          },
          "sensitive_attributes": [],
          "identity_schema_version": 0,
          "private": "eyJlMmJmYjczMC1lY2FhLTExZTYtOGY4OC0zNDM2M2JjN2M0YzAiOnsiY3JlYXRlIjozMDAwMDAwMDAwMDAsImRlbGV0ZSI6MzAwMDAwMDAwMDAwLCJ1cGRhdGUiOjEyMDAwMDAwMDAwMH19",
          "dependencies": [
            "module.vpc.aws_eip.nat",
            "module.vpc.aws_internet_gateway.main",
            "module.vpc.aws_nat_gateway.main",
            "module.vpc.aws_route_table.private",
            "module.vpc.aws_subnet.private",
            "module.vpc.aws_subnet.public",
            "module.vpc.aws_vpc.main"
          ]
        }
      ]
    },
    {
      "module": "module.vpc",
      "mode": "managed",
      "type": "aws_route_table_association",
      "name": "public",
      "provider": "provider[\"registry.terraform.io/hashicorp/aws\"]",
      "instances": [
        {
          "index_key": 0,
          "schema_version": 0,
          "attributes": {
            "gateway_id": "",
            "id": "rtbassoc-06c1e6f1b98150509",
            "route_table_id": "rtb-06f35ba9628324f73",
            "subnet_id": "subnet-071453cb771fad6da",
            "timeouts": null
          },
          "sensitive_attributes": [],
          "identity_schema_version": 0,
          "private": "eyJlMmJmYjczMC1lY2FhLTExZTYtOGY4OC0zNDM2M2JjN2M0YzAiOnsiY3JlYXRlIjozMDAwMDAwMDAwMDAsImRlbGV0ZSI6MzAwMDAwMDAwMDAwLCJ1cGRhdGUiOjEyMDAwMDAwMDAwMH19",
          "dependencies": [
            "module.vpc.aws_internet_gateway.main",
            "module.vpc.aws_route_table.public",
            "module.vpc.aws_subnet.public",
            "module.vpc.aws_vpc.main"
          ]
        },
        {
          "index_key": 1,
          "schema_version": 0,
          "attributes": {
            "gateway_id": "",
            "id": "rtbassoc-04c47a7df1c8cc808",
            "route_table_id": "rtb-06f35ba9628324f73",
            "subnet_id": "subnet-07652dd0f144c9fbc",
            "timeouts": null
          },
          "sensitive_attributes": [],
          "identity_schema_version": 0,
          "private": "eyJlMmJmYjczMC1lY2FhLTExZTYtOGY4OC0zNDM2M2JjN2M0YzAiOnsiY3JlYXRlIjozMDAwMDAwMDAwMDAsImRlbGV0ZSI6MzAwMDAwMDAwMDAwLCJ1cGRhdGUiOjEyMDAwMDAwMDAwMH19",
          "dependencies": [
            "module.vpc.aws_internet_gateway.main",
            "module.vpc.aws_route_table.public",
            "module.vpc.aws_subnet.public",
            "module.vpc.aws_vpc.main"
          ]
        }
      ]
    },
    {
      "module": "module.vpc",
      "mode": "managed",
      "type": "aws_subnet",
      "name": "private",
      "provider": "provider[\"registry.terraform.io/hashicorp/aws\"]",
      "instances": [
        {
          "index_key": 0,
          "schema_version": 1,
          "attributes": {
            "arn": "arn:aws:ec2:us-east-1:307218864628:subnet/subnet-00a8ce9529ac88df8",
            "assign_ipv6_address_on_creation": false,
            "availability_zone": "us-east-1a",
            "availability_zone_id": "use1-az6",
            "cidr_block": "10.0.10.0/24",
            "customer_owned_ipv4_pool": "",
            "enable_dns64": false,
            "enable_lni_at_device_index": 0,
            "enable_resource_name_dns_a_record_on_launch": false,
            "enable_resource_name_dns_aaaa_record_on_launch": false,
            "id": "subnet-00a8ce9529ac88df8",
            "ipv6_cidr_block": "",
            "ipv6_cidr_block_association_id": "",
            "ipv6_native": false,
            "map_customer_owned_ip_on_launch": false,
            "map_public_ip_on_launch": false,
            "outpost_arn": "",
            "owner_id": "307218864628",
            "private_dns_hostname_type_on_launch": "ip-name",
            "tags": {
              "Cluster": "devops-lab-prod",
              "Environment": "prod",
              "Name": "devops-lab-prod-private-us-east-1a",
              "kubernetes.io/cluster/devops-lab-prod": "shared",
              "kubernetes.io/role/internal-elb": "1"
            },
            "tags_all": {
              "Cluster": "devops-lab-prod",
              "Environment": "prod",
              "ManagedBy": "terraform",
              "Name": "devops-lab-prod-private-us-east-1a",
              "Project": "devops-lab",
              "kubernetes.io/cluster/devops-lab-prod": "shared",
              "kubernetes.io/role/internal-elb": "1"
            },
            "timeouts": null,
            "vpc_id": "vpc-02322ea89c4e6089c"
          },
          "sensitive_attributes": [],
          "identity_schema_version": 0,
          "private": "eyJlMmJmYjczMC1lY2FhLTExZTYtOGY4OC0zNDM2M2JjN2M0YzAiOnsiY3JlYXRlIjo2MDAwMDAwMDAwMDAsImRlbGV0ZSI6MTIwMDAwMDAwMDAwMH0sInNjaGVtYV92ZXJzaW9uIjoiMSJ9",
          "dependencies": [
            "module.vpc.aws_vpc.main"
          ]
        },
        {
          "index_key": 1,
          "schema_version": 1,
          "attributes": {
            "arn": "arn:aws:ec2:us-east-1:307218864628:subnet/subnet-0cab08dbc45abc2e7",
            "assign_ipv6_address_on_creation": false,
            "availability_zone": "us-east-1b",
            "availability_zone_id": "use1-az1",
            "cidr_block": "10.0.11.0/24",
            "customer_owned_ipv4_pool": "",
            "enable_dns64": false,
            "enable_lni_at_device_index": 0,
            "enable_resource_name_dns_a_record_on_launch": false,
            "enable_resource_name_dns_aaaa_record_on_launch": false,
            "id": "subnet-0cab08dbc45abc2e7",
            "ipv6_cidr_block": "",
            "ipv6_cidr_block_association_id": "",
            "ipv6_native": false,
            "map_customer_owned_ip_on_launch": false,
            "map_public_ip_on_launch": false,
            "outpost_arn": "",
            "owner_id": "307218864628",
            "private_dns_hostname_type_on_launch": "ip-name",
            "tags": {
              "Cluster": "devops-lab-prod",
              "Environment": "prod",
              "Name": "devops-lab-prod-private-us-east-1b",
              "kubernetes.io/cluster/devops-lab-prod": "shared",
              "kubernetes.io/role/internal-elb": "1"
            },
            "tags_all": {
              "Cluster": "devops-lab-prod",
              "Environment": "prod",
              "ManagedBy": "terraform",
              "Name": "devops-lab-prod-private-us-east-1b",
              "Project": "devops-lab",
              "kubernetes.io/cluster/devops-lab-prod": "shared",
              "kubernetes.io/role/internal-elb": "1"
            },
            "timeouts": null,
            "vpc_id": "vpc-02322ea89c4e6089c"
          },
          "sensitive_attributes": [],
          "identity_schema_version": 0,
          "private": "eyJlMmJmYjczMC1lY2FhLTExZTYtOGY4OC0zNDM2M2JjN2M0YzAiOnsiY3JlYXRlIjo2MDAwMDAwMDAwMDAsImRlbGV0ZSI6MTIwMDAwMDAwMDAwMH0sInNjaGVtYV92ZXJzaW9uIjoiMSJ9",
          "dependencies": [
            "module.vpc.aws_vpc.main"
          ]
        }
      ]
    },
    {
      "module": "module.vpc",
      "mode": "managed",
      "type": "aws_subnet",
      "name": "public",
      "provider": "provider[\"registry.terraform.io/hashicorp/aws\"]",
      "instances": [
        {
          "index_key": 0,
          "schema_version": 1,
          "attributes": {
            "arn": "arn:aws:ec2:us-east-1:307218864628:subnet/subnet-071453cb771fad6da",
            "assign_ipv6_address_on_creation": false,
            "availability_zone": "us-east-1a",
            "availability_zone_id": "use1-az6",
            "cidr_block": "10.0.0.0/24",
            "customer_owned_ipv4_pool": "",
            "enable_dns64": false,
            "enable_lni_at_device_index": 0,
            "enable_resource_name_dns_a_record_on_launch": false,
            "enable_resource_name_dns_aaaa_record_on_launch": false,
            "id": "subnet-071453cb771fad6da",
            "ipv6_cidr_block": "",
            "ipv6_cidr_block_association_id": "",
            "ipv6_native": false,
            "map_customer_owned_ip_on_launch": false,
            "map_public_ip_on_launch": true,
            "outpost_arn": "",
            "owner_id": "307218864628",
            "private_dns_hostname_type_on_launch": "ip-name",
            "tags": {
              "Cluster": "devops-lab-prod",
              "Environment": "prod",
              "Name": "devops-lab-prod-public-us-east-1a",
              "kubernetes.io/cluster/devops-lab-prod": "shared",
              "kubernetes.io/role/elb": "1"
            },
            "tags_all": {
              "Cluster": "devops-lab-prod",
              "Environment": "prod",
              "ManagedBy": "terraform",
              "Name": "devops-lab-prod-public-us-east-1a",
              "Project": "devops-lab",
              "kubernetes.io/cluster/devops-lab-prod": "shared",
              "kubernetes.io/role/elb": "1"
            },
            "timeouts": null,
            "vpc_id": "vpc-02322ea89c4e6089c"
          },
          "sensitive_attributes": [],
          "identity_schema_version": 0,
          "private": "eyJlMmJmYjczMC1lY2FhLTExZTYtOGY4OC0zNDM2M2JjN2M0YzAiOnsiY3JlYXRlIjo2MDAwMDAwMDAwMDAsImRlbGV0ZSI6MTIwMDAwMDAwMDAwMH0sInNjaGVtYV92ZXJzaW9uIjoiMSJ9",
          "dependencies": [
            "module.vpc.aws_vpc.main"
          ]
        },
        {
          "index_key": 1,
          "schema_version": 1,
          "attributes": {
            "arn": "arn:aws:ec2:us-east-1:307218864628:subnet/subnet-07652dd0f144c9fbc",
            "assign_ipv6_address_on_creation": false,
            "availability_zone": "us-east-1b",
            "availability_zone_id": "use1-az1",
            "cidr_block": "10.0.1.0/24",
            "customer_owned_ipv4_pool": "",
            "enable_dns64": false,
            "enable_lni_at_device_index": 0,
            "enable_resource_name_dns_a_record_on_launch": false,
            "enable_resource_name_dns_aaaa_record_on_launch": false,
            "id": "subnet-07652dd0f144c9fbc",
            "ipv6_cidr_block": "",
            "ipv6_cidr_block_association_id": "",
            "ipv6_native": false,
            "map_customer_owned_ip_on_launch": false,
            "map_public_ip_on_launch": true,
            "outpost_arn": "",
            "owner_id": "307218864628",
            "private_dns_hostname_type_on_launch": "ip-name",
            "tags": {
              "Cluster": "devops-lab-prod",
              "Environment": "prod",
              "Name": "devops-lab-prod-public-us-east-1b",
              "kubernetes.io/cluster/devops-lab-prod": "shared",
              "kubernetes.io/role/elb": "1"
            },
            "tags_all": {
              "Cluster": "devops-lab-prod",
              "Environment": "prod",
              "ManagedBy": "terraform",
              "Name": "devops-lab-prod-public-us-east-1b",
              "Project": "devops-lab",
              "kubernetes.io/cluster/devops-lab-prod": "shared",
              "kubernetes.io/role/elb": "1"
            },
            "timeouts": null,
            "vpc_id": "vpc-02322ea89c4e6089c"
          },
          "sensitive_attributes": [],
          "identity_schema_version": 0,
          "private": "eyJlMmJmYjczMC1lY2FhLTExZTYtOGY4OC0zNDM2M2JjN2M0YzAiOnsiY3JlYXRlIjo2MDAwMDAwMDAwMDAsImRlbGV0ZSI6MTIwMDAwMDAwMDAwMH0sInNjaGVtYV92ZXJzaW9uIjoiMSJ9",
          "dependencies": [
            "module.vpc.aws_vpc.main"
          ]
        }
      ]
    },
    {
      "module": "module.vpc",
      "mode": "managed",
      "type": "aws_vpc",
      "name": "main",
      "provider": "provider[\"registry.terraform.io/hashicorp/aws\"]",
      "instances": [
        {
          "schema_version": 1,
          "attributes": {
            "arn": "arn:aws:ec2:us-east-1:307218864628:vpc/vpc-02322ea89c4e6089c",
            "assign_generated_ipv6_cidr_block": false,
            "cidr_block": "10.0.0.0/16",
            "default_network_acl_id": "acl-0b0cfb419da468609",
            "default_route_table_id": "rtb-0b8048fcc372a5f57",
            "default_security_group_id": "sg-07c0c580accfa2677",
            "dhcp_options_id": "dopt-0b25efb94e511914c",
            "enable_dns_hostnames": true,
            "enable_dns_support": true,
            "enable_network_address_usage_metrics": false,
            "id": "vpc-02322ea89c4e6089c",
            "instance_tenancy": "default",
            "ipv4_ipam_pool_id": null,
            "ipv4_netmask_length": null,
            "ipv6_association_id": "",
            "ipv6_cidr_block": "",
            "ipv6_cidr_block_network_border_group": "",
            "ipv6_ipam_pool_id": "",
            "ipv6_netmask_length": 0,
            "main_route_table_id": "rtb-0b8048fcc372a5f57",
            "owner_id": "307218864628",
            "tags": {
              "Cluster": "devops-lab-prod",
              "Environment": "prod",
              "Name": "devops-lab-prod-vpc"
            },
            "tags_all": {
              "Cluster": "devops-lab-prod",
              "Environment": "prod",
              "ManagedBy": "terraform",
              "Name": "devops-lab-prod-vpc",
              "Project": "devops-lab"
            }
          },
          "sensitive_attributes": [],
          "identity_schema_version": 0,
          "private": "eyJzY2hlbWFfdmVyc2lvbiI6IjEifQ=="
        }
      ]
    }
  ],
  "check_results": null
}
